<?xml version="1.0" encoding="utf-8"?>
<Project ToolsVersion="4.0" xmlns="http://schemas.microsoft.com/developer/msbuild/2003">
  <ItemGroup>
    <Filter Include="Raptor">
      <UniqueIdentifier>{DDB740CE-C959-6BA4-B214-7FF89E55F2F4}</UniqueIdentifier>
    </Filter>
  </ItemGroup>
  <ItemGroup>
    <ClInclude Include="src\Raptor.h" />
    <ClInclude Include="src\Raptor\Application.h">
      <Filter>Raptor</Filter>
    </ClInclude>
    <ClInclude Include="src\Raptor\EntryPoint.h">
      <Filter>Raptor</Filter>
    </ClInclude>
    <ClInclude Include="src\Raptor\Log.h">
      <Filter>Raptor</Filter>
    </ClInclude>
    <ClInclude Include="src\Raptor\core.h">
      <Filter>Raptor</Filter>
    </ClInclude>
  </ItemGroup>
  <ItemGroup>
    <ClCompile Include="src\Raptor\Application.cpp">
      <Filter>Raptor</Filter>
    </ClCompile>
    <ClCompile Include="src\Raptor\Log.cpp">
      <Filter>Raptor</Filter>
    </ClCompile>
  </ItemGroup>
</Project>